Microsoft Visual Studio Solution File, Format Version 12.00
# Visual Studio Version 17
VisualStudioVersion = 17.5.2.0
MinimumVisualStudioVersion = 10.0.40219.1
Project("{FAE04EC0-301F-11D3-BF4B-00C04F79EFBC}") = "TargetProject", "TargetProject.csproj", "{BB8E37FD-AACA-C8EC-04FD-BEACF97793A9}"
EndProject
Global
	GlobalSection(SolutionConfigurationPlatforms) = preSolution
		Debug|Any CPU = Debug|Any CPU
		Release|Any CPU = Release|Any CPU
	EndGlobalSection
	GlobalSection(ProjectConfigurationPlatforms) = postSolution
		{BB8E37FD-AACA-C8EC-04FD-BEACF97793A9}.Debug|Any CPU.ActiveCfg = Debug|Any CPU
		{BB8E37FD-AACA-C8EC-04FD-BEACF97793A9}.Debug|Any CPU.Build.0 = Debug|Any CPU
		{BB8E37FD-AACA-C8EC-04FD-BEACF97793A9}.Release|Any CPU.ActiveCfg = Release|Any CPU
		{BB8E37FD-AACA-C8EC-04FD-BEACF97793A9}.Release|Any CPU.Build.0 = Release|Any CPU
	EndGlobalSection
	GlobalSection(SolutionProperties) = preSolution
		HideSolutionNode = FALSE
	EndGlobalSection
	GlobalSection(ExtensibilityGlobals) = postSolution
		SolutionGuid = {3C7988B3-A19B-407A-80C0-FDBB8AE141E6}
	EndGlobalSection
EndGlobal
